
Microsoft Visual Studio Solution File, Format Version 12.00
# Visual Studio Version 16
VisualStudioVersion = 16.0.31129.286
MinimumVisualStudioVersion = 10.0.40219.1
Project("{FAE04EC0-301F-11D3-BF4B-00C04F79EFBC}") = "CalculateSquareAreaAndPerimeter", "CalculateSquareAreaAndPerimeter\CalculateSquareAreaAndPerimeter.csproj", "{E5C61CBD-0BAF-4FBD-B4AE-A44C767D8E8A}"
EndProject
Project("{2150E333-8FDC-42A3-9474-1A3956D46DE8}") = "HW1", "HW1", "{EA9869E2-F696-4632-BDE2-97177CACCFB6}"
EndProject
Project("{FAE04EC0-301F-11D3-BF4B-00C04F79EFBC}") = "WhatIsUrNameAndAge", "WhatIsUrNameAndAge\WhatIsUrNameAndAge.csproj", "{53C64D45-18EF-4CA3-987C-47CD84B42D96}"
EndProject
Project("{FAE04EC0-301F-11D3-BF4B-00C04F79EFBC}") = "CalculateCircleLengthAreaVolume", "CalculateCircleLengthAreaVolume\CalculateCircleLengthAreaVolume.csproj", "{C6CE1D02-E5E1-4A49-9F0A-74EF0FA2968A}"
EndProject
Project("{2150E333-8FDC-42A3-9474-1A3956D46DE8}") = "HW2", "HW2", "{59A1304D-C366-4ECE-82BF-2658BFDE60FF}"
EndProject
Project("{FAE04EC0-301F-11D3-BF4B-00C04F79EFBC}") = "A_B_C_D", "A\A_B_C_D.csproj", "{99420C68-2D3F-49BA-810B-23553A391206}"
EndProject
Project("{2150E333-8FDC-42A3-9474-1A3956D46DE8}") = "HM3", "HM3", "{D6C299B1-C03D-4645-B2A0-048B405AB90B}"
EndProject
Project("{FAE04EC0-301F-11D3-BF4B-00C04F79EFBC}") = "ABC", "ABC\ABC.csproj", "{035B55D5-6415-4CCE-A51F-C0070D3DA441}"
EndProject
Project("{2150E333-8FDC-42A3-9474-1A3956D46DE8}") = "HM4", "HM4", "{B69645D6-CB08-43E2-9519-47588FB37D5C}"
EndProject
Project("{FAE04EC0-301F-11D3-BF4B-00C04F79EFBC}") = "Person", "Person\Person.csproj", "{6898BFF4-1709-4D55-B7E9-C79D3DD0645E}"
EndProject
Project("{2150E333-8FDC-42A3-9474-1A3956D46DE8}") = "HM6", "HM6", "{7C86A366-4592-430A-8F0F-F5832F519002}"
EndProject
Project("{FAE04EC0-301F-11D3-BF4B-00C04F79EFBC}") = "HM6", "HM6\HM6.csproj", "{7318572D-32B6-4CDF-A3AB-54BC5725A1CD}"
EndProject
Project("{2150E333-8FDC-42A3-9474-1A3956D46DE8}") = "HM7", "HM7", "{701A09FB-D15A-4381-A6F2-1E39A3C2FDD4}"
EndProject
Project("{FAE04EC0-301F-11D3-BF4B-00C04F79EFBC}") = "HM7", "HM7\HM7.csproj", "{106BF0CB-7209-4760-A5F0-D947F779121E}"
EndProject
Project("{2150E333-8FDC-42A3-9474-1A3956D46DE8}") = "HW5", "HW5", "{F7C3E00B-42BB-4476-96FE-E9BD72690AB0}"
EndProject
Project("{FAE04EC0-301F-11D3-BF4B-00C04F79EFBC}") = "HW5", "HW5\HW5.csproj", "{890FC147-0049-485C-8B6A-0B09DEC79CE1}"
EndProject
Project("{2150E333-8FDC-42A3-9474-1A3956D46DE8}") = "HW8", "HW8", "{FC9EFB2B-77A9-4B4A-89D9-FC5EB1A52B63}"
EndProject
Project("{FAE04EC0-301F-11D3-BF4B-00C04F79EFBC}") = "HW8", "HW8\HW8.csproj", "{85315ED5-9E73-48C3-B6FE-80FDFE842C84}"
EndProject
Project("{2150E333-8FDC-42A3-9474-1A3956D46DE8}") = "HW9", "HW9", "{E83F2910-76FB-4147-81D5-F0F22B4C4C87}"
EndProject
Project("{FAE04EC0-301F-11D3-BF4B-00C04F79EFBC}") = "HW9", "HW9\HW9.csproj", "{C0083711-8C68-43A2-A815-505C55262F9E}"
EndProject
Global
	GlobalSection(SolutionConfigurationPlatforms) = preSolution
		Debug|Any CPU = Debug|Any CPU
		Release|Any CPU = Release|Any CPU
	EndGlobalSection
	GlobalSection(ProjectConfigurationPlatforms) = postSolution
		{E5C61CBD-0BAF-4FBD-B4AE-A44C767D8E8A}.Debug|Any CPU.ActiveCfg = Debug|Any CPU
		{E5C61CBD-0BAF-4FBD-B4AE-A44C767D8E8A}.Debug|Any CPU.Build.0 = Debug|Any CPU
		{E5C61CBD-0BAF-4FBD-B4AE-A44C767D8E8A}.Release|Any CPU.ActiveCfg = Release|Any CPU
		{E5C61CBD-0BAF-4FBD-B4AE-A44C767D8E8A}.Release|Any CPU.Build.0 = Release|Any CPU
		{53C64D45-18EF-4CA3-987C-47CD84B42D96}.Debug|Any CPU.ActiveCfg = Debug|Any CPU
		{53C64D45-18EF-4CA3-987C-47CD84B42D96}.Debug|Any CPU.Build.0 = Debug|Any CPU
		{53C64D45-18EF-4CA3-987C-47CD84B42D96}.Release|Any CPU.ActiveCfg = Release|Any CPU
		{53C64D45-18EF-4CA3-987C-47CD84B42D96}.Release|Any CPU.Build.0 = Release|Any CPU
		{C6CE1D02-E5E1-4A49-9F0A-74EF0FA2968A}.Debug|Any CPU.ActiveCfg = Debug|Any CPU
		{C6CE1D02-E5E1-4A49-9F0A-74EF0FA2968A}.Debug|Any CPU.Build.0 = Debug|Any CPU
		{C6CE1D02-E5E1-4A49-9F0A-74EF0FA2968A}.Release|Any CPU.ActiveCfg = Release|Any CPU
		{C6CE1D02-E5E1-4A49-9F0A-74EF0FA2968A}.Release|Any CPU.Build.0 = Release|Any CPU
		{99420C68-2D3F-49BA-810B-23553A391206}.Debug|Any CPU.ActiveCfg = Debug|Any CPU
		{99420C68-2D3F-49BA-810B-23553A391206}.Debug|Any CPU.Build.0 = Debug|Any CPU
		{99420C68-2D3F-49BA-810B-23553A391206}.Release|Any CPU.ActiveCfg = Release|Any CPU
		{99420C68-2D3F-49BA-810B-23553A391206}.Release|Any CPU.Build.0 = Release|Any CPU
		{035B55D5-6415-4CCE-A51F-C0070D3DA441}.Debug|Any CPU.ActiveCfg = Debug|Any CPU
		{035B55D5-6415-4CCE-A51F-C0070D3DA441}.Debug|Any CPU.Build.0 = Debug|Any CPU
		{035B55D5-6415-4CCE-A51F-C0070D3DA441}.Release|Any CPU.ActiveCfg = Release|Any CPU
		{035B55D5-6415-4CCE-A51F-C0070D3DA441}.Release|Any CPU.Build.0 = Release|Any CPU
		{6898BFF4-1709-4D55-B7E9-C79D3DD0645E}.Debug|Any CPU.ActiveCfg = Debug|Any CPU
		{6898BFF4-1709-4D55-B7E9-C79D3DD0645E}.Debug|Any CPU.Build.0 = Debug|Any CPU
		{6898BFF4-1709-4D55-B7E9-C79D3DD0645E}.Release|Any CPU.ActiveCfg = Release|Any CPU
		{6898BFF4-1709-4D55-B7E9-C79D3DD0645E}.Release|Any CPU.Build.0 = Release|Any CPU
		{7318572D-32B6-4CDF-A3AB-54BC5725A1CD}.Debug|Any CPU.ActiveCfg = Debug|Any CPU
		{7318572D-32B6-4CDF-A3AB-54BC5725A1CD}.Debug|Any CPU.Build.0 = Debug|Any CPU
		{7318572D-32B6-4CDF-A3AB-54BC5725A1CD}.Release|Any CPU.ActiveCfg = Release|Any CPU
		{7318572D-32B6-4CDF-A3AB-54BC5725A1CD}.Release|Any CPU.Build.0 = Release|Any CPU
		{106BF0CB-7209-4760-A5F0-D947F779121E}.Debug|Any CPU.ActiveCfg = Debug|Any CPU
		{106BF0CB-7209-4760-A5F0-D947F779121E}.Debug|Any CPU.Build.0 = Debug|Any CPU
		{106BF0CB-7209-4760-A5F0-D947F779121E}.Release|Any CPU.ActiveCfg = Release|Any CPU
		{106BF0CB-7209-4760-A5F0-D947F779121E}.Release|Any CPU.Build.0 = Release|Any CPU
		{890FC147-0049-485C-8B6A-0B09DEC79CE1}.Debug|Any CPU.ActiveCfg = Debug|Any CPU
		{890FC147-0049-485C-8B6A-0B09DEC79CE1}.Debug|Any CPU.Build.0 = Debug|Any CPU
		{890FC147-0049-485C-8B6A-0B09DEC79CE1}.Release|Any CPU.ActiveCfg = Release|Any CPU
		{890FC147-0049-485C-8B6A-0B09DEC79CE1}.Release|Any CPU.Build.0 = Release|Any CPU
		{85315ED5-9E73-48C3-B6FE-80FDFE842C84}.Debug|Any CPU.ActiveCfg = Debug|Any CPU
		{85315ED5-9E73-48C3-B6FE-80FDFE842C84}.Debug|Any CPU.Build.0 = Debug|Any CPU
		{85315ED5-9E73-48C3-B6FE-80FDFE842C84}.Release|Any CPU.ActiveCfg = Release|Any CPU
		{85315ED5-9E73-48C3-B6FE-80FDFE842C84}.Release|Any CPU.Build.0 = Release|Any CPU
		{C0083711-8C68-43A2-A815-505C55262F9E}.Debug|Any CPU.ActiveCfg = Debug|Any CPU
		{C0083711-8C68-43A2-A815-505C55262F9E}.Debug|Any CPU.Build.0 = Debug|Any CPU
		{C0083711-8C68-43A2-A815-505C55262F9E}.Release|Any CPU.ActiveCfg = Release|Any CPU
		{C0083711-8C68-43A2-A815-505C55262F9E}.Release|Any CPU.Build.0 = Release|Any CPU
	EndGlobalSection
	GlobalSection(SolutionProperties) = preSolution
		HideSolutionNode = FALSE
	EndGlobalSection
	GlobalSection(NestedProjects) = preSolution
		{E5C61CBD-0BAF-4FBD-B4AE-A44C767D8E8A} = {EA9869E2-F696-4632-BDE2-97177CACCFB6}
		{53C64D45-18EF-4CA3-987C-47CD84B42D96} = {EA9869E2-F696-4632-BDE2-97177CACCFB6}
		{C6CE1D02-E5E1-4A49-9F0A-74EF0FA2968A} = {EA9869E2-F696-4632-BDE2-97177CACCFB6}
		{99420C68-2D3F-49BA-810B-23553A391206} = {59A1304D-C366-4ECE-82BF-2658BFDE60FF}
		{035B55D5-6415-4CCE-A51F-C0070D3DA441} = {D6C299B1-C03D-4645-B2A0-048B405AB90B}
		{6898BFF4-1709-4D55-B7E9-C79D3DD0645E} = {B69645D6-CB08-43E2-9519-47588FB37D5C}
		{7318572D-32B6-4CDF-A3AB-54BC5725A1CD} = {7C86A366-4592-430A-8F0F-F5832F519002}
		{106BF0CB-7209-4760-A5F0-D947F779121E} = {701A09FB-D15A-4381-A6F2-1E39A3C2FDD4}
		{890FC147-0049-485C-8B6A-0B09DEC79CE1} = {F7C3E00B-42BB-4476-96FE-E9BD72690AB0}
		{85315ED5-9E73-48C3-B6FE-80FDFE842C84} = {FC9EFB2B-77A9-4B4A-89D9-FC5EB1A52B63}
		{C0083711-8C68-43A2-A815-505C55262F9E} = {E83F2910-76FB-4147-81D5-F0F22B4C4C87}
	EndGlobalSection
	GlobalSection(ExtensibilityGlobals) = postSolution
		SolutionGuid = {08165D16-75D9-4F85-B3B1-EF9EF7198B4C}
	EndGlobalSection
EndGlobal
