
Microsoft Visual Studio Solution File, Format Version 12.00
# Visual Studio Version 16
VisualStudioVersion = 16.0.31129.286
MinimumVisualStudioVersion = 10.0.40219.1
Project("{9A19103F-16F7-4668-BE54-9A1E7A4F7556}") = "IndTask", "IndTask\IndTask.csproj", "{89957BD5-DE82-49F0-9106-D09D563470FE}"
EndProject
Project("{FAE04EC0-301F-11D3-BF4B-00C04F79EFBC}") = "IndTaskTests", "IndTaskTests\IndTaskTests.csproj", "{F4AAC361-F523-4E87-975C-8AE1E45785DC}"
EndProject
Global
	GlobalSection(SolutionConfigurationPlatforms) = preSolution
		Debug|Any CPU = Debug|Any CPU
		Release|Any CPU = Release|Any CPU
	EndGlobalSection
	GlobalSection(ProjectConfigurationPlatforms) = postSolution
		{89957BD5-DE82-49F0-9106-D09D563470FE}.Debug|Any CPU.ActiveCfg = Debug|Any CPU
		{89957BD5-DE82-49F0-9106-D09D563470FE}.Debug|Any CPU.Build.0 = Debug|Any CPU
		{89957BD5-DE82-49F0-9106-D09D563470FE}.Release|Any CPU.ActiveCfg = Release|Any CPU
		{89957BD5-DE82-49F0-9106-D09D563470FE}.Release|Any CPU.Build.0 = Release|Any CPU
		{F4AAC361-F523-4E87-975C-8AE1E45785DC}.Debug|Any CPU.ActiveCfg = Debug|Any CPU
		{F4AAC361-F523-4E87-975C-8AE1E45785DC}.Debug|Any CPU.Build.0 = Debug|Any CPU
		{F4AAC361-F523-4E87-975C-8AE1E45785DC}.Release|Any CPU.ActiveCfg = Release|Any CPU
		{F4AAC361-F523-4E87-975C-8AE1E45785DC}.Release|Any CPU.Build.0 = Release|Any CPU
	EndGlobalSection
	GlobalSection(SolutionProperties) = preSolution
		HideSolutionNode = FALSE
	EndGlobalSection
	GlobalSection(ExtensibilityGlobals) = postSolution
		SolutionGuid = {09A32E1B-DDCC-4653-83F5-F88348AF342A}
	EndGlobalSection
EndGlobal
